
Microsoft Visual Studio Solution File, Format Version 12.00
# Visual Studio Version 16
VisualStudioVersion = 16.0.32126.315
MinimumVisualStudioVersion = 10.0.40219.1
Project("{FAE04EC0-301F-11D3-BF4B-00C04F79EFBC}") = "mvc3839_24522", "mvc3839_24522.csproj", "{7923D5CB-3416-4696-AE78-4C57CA368DF2}"
EndProject
Global
	GlobalSection(SolutionConfigurationPlatforms) = preSolution
		Debug|Any CPU = Debug|Any CPU
		Release|Any CPU = Release|Any CPU
	EndGlobalSection
	GlobalSection(ProjectConfigurationPlatforms) = postSolution
		{7923D5CB-3416-4696-AE78-4C57CA368DF2}.Debug|Any CPU.ActiveCfg = Debug|Any CPU
		{7923D5CB-3416-4696-AE78-4C57CA368DF2}.Debug|Any CPU.Build.0 = Debug|Any CPU
		{7923D5CB-3416-4696-AE78-4C57CA368DF2}.Release|Any CPU.ActiveCfg = Release|Any CPU
		{7923D5CB-3416-4696-AE78-4C57CA368DF2}.Release|Any CPU.Build.0 = Release|Any CPU
	EndGlobalSection
	GlobalSection(SolutionProperties) = preSolution
		HideSolutionNode = FALSE
	EndGlobalSection
	GlobalSection(ExtensibilityGlobals) = postSolution
		SolutionGuid = {E29B8437-1920-46B4-88B6-C3ABFFFF3AEF}
	EndGlobalSection
EndGlobal
